{
  "version": 4,
  "terraform_version": "1.3.9",
  "serial": 5,
  "lineage": "d7154074-5fbc-ec9f-3505-9d239174b283",
  "outputs": {
    "kubernetes_cluster_host": {
      "value": "35.202.47.81",
      "type": "string"
    },
    "kubernetes_cluster_name": {
      "value": "maratona-fullcycle-388513-gke",
      "type": "string"
    },
    "project_id": {
      "value": "maratona-fullcycle-388513",
      "type": "string"
    },
    "region": {
      "value": "us-central1",
      "type": "string"
    }
  },
  "resources": [
    {
      "mode": "managed",
      "type": "google_compute_network",
      "name": "vpc",
      "provider": "provider[\"registry.terraform.io/hashicorp/google\"]",
      "instances": [
        {
          "schema_version": 0,
          "attributes": {
            "auto_create_subnetworks": false,
            "delete_default_routes_on_create": false,
            "description": "",
            "enable_ula_internal_ipv6": false,
            "gateway_ipv4": "",
            "id": "projects/maratona-fullcycle-388513/global/networks/maratona-fullcycle-388513-vpc",
            "internal_ipv6_range": "",
            "mtu": 0,
            "name": "maratona-fullcycle-388513-vpc",
            "project": "maratona-fullcycle-388513",
            "routing_mode": "REGIONAL",
            "self_link": "https://www.googleapis.com/compute/v1/projects/maratona-fullcycle-388513/global/networks/maratona-fullcycle-388513-vpc",
            "timeouts": null
          },
          "sensitive_attributes": [],
          "private": "eyJlMmJmYjczMC1lY2FhLTExZTYtOGY4OC0zNDM2M2JjN2M0YzAiOnsiY3JlYXRlIjoxMjAwMDAwMDAwMDAwLCJkZWxldGUiOjEyMDAwMDAwMDAwMDAsInVwZGF0ZSI6MTIwMDAwMDAwMDAwMH19"
        }
      ]
    },
    {
      "mode": "managed",
      "type": "google_compute_subnetwork",
      "name": "subnet",
      "provider": "provider[\"registry.terraform.io/hashicorp/google\"]",
      "instances": [
        {
          "schema_version": 0,
          "attributes": {
            "creation_timestamp": "2023-06-02T10:29:16.491-07:00",
            "description": "",
            "external_ipv6_prefix": "",
            "fingerprint": null,
            "gateway_address": "10.10.0.1",
            "id": "projects/maratona-fullcycle-388513/regions/us-central1/subnetworks/maratona-fullcycle-388513-subnet",
            "ip_cidr_range": "10.10.0.0/24",
            "ipv6_access_type": "",
            "ipv6_cidr_range": "",
            "log_config": [],
            "name": "maratona-fullcycle-388513-subnet",
            "network": "https://www.googleapis.com/compute/v1/projects/maratona-fullcycle-388513/global/networks/maratona-fullcycle-388513-vpc",
            "private_ip_google_access": false,
            "private_ipv6_google_access": "DISABLE_GOOGLE_ACCESS",
            "project": "maratona-fullcycle-388513",
            "purpose": "PRIVATE",
            "region": "us-central1",
            "role": "",
            "secondary_ip_range": [],
            "self_link": "https://www.googleapis.com/compute/v1/projects/maratona-fullcycle-388513/regions/us-central1/subnetworks/maratona-fullcycle-388513-subnet",
            "stack_type": "IPV4_ONLY",
            "timeouts": null
          },
          "sensitive_attributes": [],
          "private": "eyJlMmJmYjczMC1lY2FhLTExZTYtOGY4OC0zNDM2M2JjN2M0YzAiOnsiY3JlYXRlIjoxMjAwMDAwMDAwMDAwLCJkZWxldGUiOjEyMDAwMDAwMDAwMDAsInVwZGF0ZSI6MTIwMDAwMDAwMDAwMH19",
          "dependencies": [
            "google_compute_network.vpc"
          ]
        }
      ]
    },
    {
      "mode": "managed",
      "type": "google_container_cluster",
      "name": "primary",
      "provider": "provider[\"registry.terraform.io/hashicorp/google\"]",
      "instances": [
        {
          "schema_version": 1,
          "attributes": {
            "addons_config": [
              {
                "cloudrun_config": [],
                "gcp_filestore_csi_driver_config": [],
                "horizontal_pod_autoscaling": [],
                "http_load_balancing": [],
                "network_policy_config": [
                  {
                    "disabled": true
                  }
                ]
              }
            ],
            "authenticator_groups_config": [],
            "cluster_autoscaling": [
              {
                "auto_provisioning_defaults": [],
                "enabled": false,
                "resource_limits": []
              }
            ],
            "cluster_ipv4_cidr": "10.4.0.0/14",
            "confidential_nodes": [],
            "database_encryption": [
              {
                "key_name": "",
                "state": "DECRYPTED"
              }
            ],
            "datapath_provider": "",
            "default_max_pods_per_node": null,
            "default_snat_status": [
              {
                "disabled": false
              }
            ],
            "description": "",
            "dns_config": [],
            "enable_autopilot": false,
            "enable_binary_authorization": false,
            "enable_intranode_visibility": false,
            "enable_kubernetes_alpha": false,
            "enable_legacy_abac": false,
            "enable_shielded_nodes": true,
            "enable_tpu": false,
            "endpoint": "35.202.47.81",
            "id": "projects/maratona-fullcycle-388513/locations/us-central1/clusters/maratona-fullcycle-388513-gke",
            "initial_node_count": 1,
            "ip_allocation_policy": [],
            "label_fingerprint": "a9dc16a7",
            "location": "us-central1",
            "logging_config": [
              {
                "enable_components": [
                  "SYSTEM_COMPONENTS",
                  "WORKLOADS"
                ]
              }
            ],
            "logging_service": "logging.googleapis.com/kubernetes",
            "maintenance_policy": [],
            "master_auth": [
              {
                "client_certificate": "",
                "client_certificate_config": [
                  {
                    "issue_client_certificate": false
                  }
                ],
                "client_key": "",
                "cluster_ca_certificate": "LS0tLS1CRUdJTiBDRVJUSUZJQ0FURS0tLS0tCk1JSUVMVENDQXBXZ0F3SUJBZ0lSQU1OL0R1bzNPK2RJem00L3NJZE9DaXd3RFFZSktvWklodmNOQVFFTEJRQXcKTHpFdE1Dc0dBMVVFQXhNa05UY3dOVFZtWm1NdFpqTmhaQzAwWVdWbUxXSTNOREF0TnpFeVpUZzRZMkkwTURnMwpNQ0FYRFRJek1EWXdNakUyTWprek0xb1lEekl3TlRNd05USTFNVGN5T1RNeldqQXZNUzB3S3dZRFZRUURFeVExCk56QTFOV1ptWXkxbU0yRmtMVFJoWldZdFlqYzBNQzAzTVRKbE9EaGpZalF3T0Rjd2dnR2lNQTBHQ1NxR1NJYjMKRFFFQkFRVUFBNElCandBd2dnR0tBb0lCZ1FESUlxc2JObFVLUTF0N09TcEVGVXNScStUZlhYTXFocWpHTkVIbwp4bXdwZXZNc0U0ZGxTMTJVNFdJQm55UEJsYThaNzFrN1BJUnlYdUFtYjFLYVFtU1JOTHY0R2xaOGhjdGhmc0Q1CnNJM1Z5Rm9PRXZCcTh3eGw1dU5qTHRid1VsZG5sdGVwU01vbitwTVVCMytFcXJQOVZ4Y2xhMk9WR1ZMUUc4T3kKdmlDczFzc0VPY1dCLzBhckI5LzBZcTBld1FWb0FZUGFndXNsdDZ6aFJFUUlBU1F0SlE3SFV5SVhhekoxNm5NQwpGOFAyZUZoL3c5eDByMURKem0wRjRuVS9VZzRkVFlKMWdHUU9ZVHl6Ujk0emFNZ2dteE9MeElCd0VOUjcvVFh0CkpqajZzL1A3Z1J3K2ZYSnhRYkRxT25hcVd2TVAraVB0L1pvRk5laGpGcjVUMGpkWWFVQ3I1VEVya29pRzFVOVUKeklPRlVFT2pMb2hhQ3daRDlTUUNGT25tUlo5emZUaVhSWTV1UCtscGhEVFVBM1dRSTJxOUt4MHBiRUFKSHhtZwo4MWVnZW1QSjQ0eTR3VVU5NEl2L1VxNThtUnR4YU5xYm5EbUMxUkNhM0pXbzBiWUliNEM5eFV4eGJIZWF2c09wCmVnWlMxS3paTW1KVzYzRDgyQllqZ2RCWGZuVUNBd0VBQWFOQ01FQXdEZ1lEVlIwUEFRSC9CQVFEQWdJRU1BOEcKQTFVZEV3RUIvd1FGTUFNQkFmOHdIUVlEVlIwT0JCWUVGSkdvbVMwT2pYZ2JuOHRQdHZySjlCbkNiQUdlTUEwRwpDU3FHU0liM0RRRUJDd1VBQTRJQmdRQlNsSE0vdmErQ081anIyZG1UWXpYckQ2QUl4WmkxK3FpazBVakdKcUNBClkwbVBnQWlYZmxUaVV1UzdJOWxsaS9MUEZ2UWZZNFBQZ2w3SUtiWkJFSVJZdlJ4Y0EvUk83QzhQcHRqZjZyaTMKSENlSXpMRHpNNHFVcTZCOW1rcUNrZ1FTaDJ4S2pPVEpwbU1ZRDRPREk3WkZYd2p2T0tFbU5HMGhXalZ3MXNBQwpQWmhKNDc3YU5aZWVCeFRmM2J4bHU2NmY5RWowb1dMQTZMQS9XeXBWREFqa1NmbGhNNlVPc2FkclJ4ZE4vOHg5Ci9ZNkk2bFI5UVEwMXR0UWtHTVhTWVl2dzBFN01KWUtXQ050d2I3V1lXVG11OGNsTHJMejBKekpYRm1QL056clkKWTd3Y2tVcU9leTRRWTNRUG04Zm4wNWwrRWhqczEwZ3JLam03d2QrOGV4UFJ6TE9sdFkyM2VRRFI1ajloS2wxMwpSLyt6WXNxRFdrdDFxbXRmN0NtSWxDSmpqTGRWOVVrODB6MElZaXQvMkZ3cDJ0WEs5bUhJenJmNFJlNEl2WVR6CllxdnpqcThrNE5CWWdlUHp1STE3NmF1Q3h6SVppcEpQRnVRWXVGOXptMmRQR0hEczhMNjVjdUlpelNRWUIwdisKeC9od2RWTXVhUCtjRWxBWW80bmN1VHM9Ci0tLS0tRU5EIENFUlRJRklDQVRFLS0tLS0K"
              }
            ],
            "master_authorized_networks_config": [],
            "master_version": "1.25.8-gke.500",
            "min_master_version": null,
            "monitoring_config": [
              {
                "enable_components": [
                  "SYSTEM_COMPONENTS"
                ]
              }
            ],
            "monitoring_service": "monitoring.googleapis.com/kubernetes",
            "name": "maratona-fullcycle-388513-gke",
            "network": "projects/maratona-fullcycle-388513/global/networks/maratona-fullcycle-388513-vpc",
            "network_policy": [
              {
                "enabled": false,
                "provider": "PROVIDER_UNSPECIFIED"
              }
            ],
            "networking_mode": "ROUTES",
            "node_config": [],
            "node_locations": [
              "us-central1-a",
              "us-central1-b",
              "us-central1-c"
            ],
            "node_pool": [],
            "node_version": "1.25.8-gke.500",
            "operation": null,
            "private_cluster_config": [
              {
                "enable_private_endpoint": false,
                "enable_private_nodes": false,
                "master_global_access_config": [
                  {
                    "enabled": false
                  }
                ],
                "master_ipv4_cidr_block": "",
                "peering_name": "",
                "private_endpoint": "10.10.0.2",
                "public_endpoint": "35.202.47.81"
              }
            ],
            "private_ipv6_google_access": "",
            "project": "maratona-fullcycle-388513",
            "release_channel": [
              {
                "channel": "REGULAR"
              }
            ],
            "remove_default_node_pool": true,
            "resource_labels": null,
            "resource_usage_export_config": [],
            "self_link": "https://container.googleapis.com/v1/projects/maratona-fullcycle-388513/locations/us-central1/clusters/maratona-fullcycle-388513-gke",
            "services_ipv4_cidr": "10.7.240.0/20",
            "subnetwork": "projects/maratona-fullcycle-388513/regions/us-central1/subnetworks/maratona-fullcycle-388513-subnet",
            "timeouts": null,
            "tpu_ipv4_cidr_block": "",
            "vertical_pod_autoscaling": [],
            "workload_identity_config": []
          },
          "sensitive_attributes": [],
          "private": "eyJlMmJmYjczMC1lY2FhLTExZTYtOGY4OC0zNDM2M2JjN2M0YzAiOnsiY3JlYXRlIjoyNDAwMDAwMDAwMDAwLCJkZWxldGUiOjI0MDAwMDAwMDAwMDAsInJlYWQiOjI0MDAwMDAwMDAwMDAsInVwZGF0ZSI6MzYwMDAwMDAwMDAwMH0sInNjaGVtYV92ZXJzaW9uIjoiMSJ9",
          "dependencies": [
            "google_compute_network.vpc",
            "google_compute_subnetwork.subnet"
          ]
        }
      ]
    },
    {
      "mode": "managed",
      "type": "google_container_node_pool",
      "name": "primary_nodes",
      "provider": "provider[\"registry.terraform.io/hashicorp/google\"]",
      "instances": [
        {
          "schema_version": 1,
          "attributes": {
            "autoscaling": [],
            "cluster": "maratona-fullcycle-388513-gke",
            "id": "projects/maratona-fullcycle-388513/locations/us-central1/clusters/maratona-fullcycle-388513-gke/nodePools/maratona-fullcycle-388513-gke",
            "initial_node_count": 1,
            "instance_group_urls": [
              "https://www.googleapis.com/compute/v1/projects/maratona-fullcycle-388513/zones/us-central1-a/instanceGroupManagers/gke-maratona-fullcyc-maratona-fullcyc-12d4c0b5-grp",
              "https://www.googleapis.com/compute/v1/projects/maratona-fullcycle-388513/zones/us-central1-c/instanceGroupManagers/gke-maratona-fullcyc-maratona-fullcyc-7a340d65-grp",
              "https://www.googleapis.com/compute/v1/projects/maratona-fullcycle-388513/zones/us-central1-b/instanceGroupManagers/gke-maratona-fullcyc-maratona-fullcyc-f97e39ff-grp"
            ],
            "location": "us-central1",
            "managed_instance_group_urls": [
              "https://www.googleapis.com/compute/v1/projects/maratona-fullcycle-388513/zones/us-central1-a/instanceGroups/gke-maratona-fullcyc-maratona-fullcyc-12d4c0b5-grp",
              "https://www.googleapis.com/compute/v1/projects/maratona-fullcycle-388513/zones/us-central1-c/instanceGroups/gke-maratona-fullcyc-maratona-fullcyc-7a340d65-grp",
              "https://www.googleapis.com/compute/v1/projects/maratona-fullcycle-388513/zones/us-central1-b/instanceGroups/gke-maratona-fullcyc-maratona-fullcyc-f97e39ff-grp"
            ],
            "management": [
              {
                "auto_repair": true,
                "auto_upgrade": true
              }
            ],
            "max_pods_per_node": null,
            "name": "maratona-fullcycle-388513-gke",
            "name_prefix": "",
            "node_config": [
              {
                "boot_disk_kms_key": "",
                "disk_size_gb": 100,
                "disk_type": "pd-balanced",
                "gcfs_config": [],
                "guest_accelerator": [],
                "gvnic": [],
                "image_type": "COS_CONTAINERD",
                "labels": {
                  "env": "maratona-fullcycle-388513"
                },
                "local_ssd_count": 0,
                "machine_type": "n1-standard-1",
                "metadata": {
                  "disable-legacy-endpoints": "true"
                },
                "min_cpu_platform": "",
                "node_group": "",
                "oauth_scopes": [
                  "https://www.googleapis.com/auth/logging.write",
                  "https://www.googleapis.com/auth/monitoring"
                ],
                "preemptible": false,
                "service_account": "default",
                "shielded_instance_config": [
                  {
                    "enable_integrity_monitoring": true,
                    "enable_secure_boot": false
                  }
                ],
                "spot": false,
                "tags": [
                  "gke-node",
                  "maratona-fullcycle-388513-gke"
                ],
                "taint": [],
                "workload_metadata_config": []
              }
            ],
            "node_count": 1,
            "node_locations": [
              "us-central1-a",
              "us-central1-b",
              "us-central1-c"
            ],
            "operation": null,
            "project": "maratona-fullcycle-388513",
            "timeouts": null,
            "upgrade_settings": [
              {
                "max_surge": 1,
                "max_unavailable": 0
              }
            ],
            "version": "1.25.8-gke.500"
          },
          "sensitive_attributes": [],
          "private": "eyJlMmJmYjczMC1lY2FhLTExZTYtOGY4OC0zNDM2M2JjN2M0YzAiOnsiY3JlYXRlIjoxODAwMDAwMDAwMDAwLCJkZWxldGUiOjE4MDAwMDAwMDAwMDAsInVwZGF0ZSI6MTgwMDAwMDAwMDAwMH0sInNjaGVtYV92ZXJzaW9uIjoiMSJ9",
          "dependencies": [
            "google_compute_network.vpc",
            "google_compute_subnetwork.subnet",
            "google_container_cluster.primary"
          ]
        }
      ]
    }
  ],
  "check_results": null
}
